// !$*UTF8*$!
{
	archiveVersion = 1;
	classes = {
	};
	objectVersion = 46;
	objects = {

/* Begin PBXBuildFile section */
		97359FCCBF1CF99CC2BA3504 /* Pods_decideTests.framework in Frameworks */ = {isa = PBXBuildFile; fileRef = CAEFAD86548F94FE4AF4C916 /* Pods_decideTests.framework */; };
		A2F5B490A75D0CE4307FBD62 /* Pods_decide.framework in Frameworks */ = {isa = PBXBuildFile; fileRef = 05F9A08FFCFF0C06EA87272E /* Pods_decide.framework */; };
		B03B1FEF424CC6475195B8E1 /* Pods_decideUITests.framework in Frameworks */ = {isa = PBXBuildFile; fileRef = 748CC9B2919D35C54FC5E01F /* Pods_decideUITests.framework */; };
		C50491261E2334380040AA64 /* AppDelegate.swift in Sources */ = {isa = PBXBuildFile; fileRef = C50491251E2334380040AA64 /* AppDelegate.swift */; };
		C50491281E2334380040AA64 /* ViewController.swift in Sources */ = {isa = PBXBuildFile; fileRef = C50491271E2334380040AA64 /* ViewController.swift */; };
		C504912B1E2334380040AA64 /* Main.storyboard in Resources */ = {isa = PBXBuildFile; fileRef = C50491291E2334380040AA64 /* Main.storyboard */; };
		C504912D1E2334380040AA64 /* Assets.xcassets in Resources */ = {isa = PBXBuildFile; fileRef = C504912C1E2334380040AA64 /* Assets.xcassets */; };
		C50491301E2334380040AA64 /* LaunchScreen.storyboard in Resources */ = {isa = PBXBuildFile; fileRef = C504912E1E2334380040AA64 /* LaunchScreen.storyboard */; };
		C504913B1E2334380040AA64 /* decideTests.swift in Sources */ = {isa = PBXBuildFile; fileRef = C504913A1E2334380040AA64 /* decideTests.swift */; };
		C50491461E2334390040AA64 /* decideUITests.swift in Sources */ = {isa = PBXBuildFile; fileRef = C50491451E2334390040AA64 /* decideUITests.swift */; };
		C50491581E24BEBD0040AA64 /* GoogleService-Info.plist in Resources */ = {isa = PBXBuildFile; fileRef = C50491571E24BEBD0040AA64 /* GoogleService-Info.plist */; };
		C504915A1E24CB4C0040AA64 /* signInViewController.swift in Sources */ = {isa = PBXBuildFile; fileRef = C50491591E24CB4C0040AA64 /* signInViewController.swift */; };
		C504915C1E24CB5A0040AA64 /* signUpViewController.swift in Sources */ = {isa = PBXBuildFile; fileRef = C504915B1E24CB5A0040AA64 /* signUpViewController.swift */; };
		C504915E1E24DC5D0040AA64 /* homeViewController.swift in Sources */ = {isa = PBXBuildFile; fileRef = C504915D1E24DC5D0040AA64 /* homeViewController.swift */; };
/* End PBXBuildFile section */

/* Begin PBXContainerItemProxy section */
		C50491371E2334380040AA64 /* PBXContainerItemProxy */ = {
			isa = PBXContainerItemProxy;
			containerPortal = C504911A1E2334370040AA64 /* Project object */;
			proxyType = 1;
			remoteGlobalIDString = C50491211E2334370040AA64;
			remoteInfo = decide;
		};
		C50491421E2334390040AA64 /* PBXContainerItemProxy */ = {
			isa = PBXContainerItemProxy;
			containerPortal = C504911A1E2334370040AA64 /* Project object */;
			proxyType = 1;
			remoteGlobalIDString = C50491211E2334370040AA64;
			remoteInfo = decide;
		};
/* End PBXContainerItemProxy section */

/* Begin PBXFileReference section */
		05F9A08FFCFF0C06EA87272E /* Pods_decide.framework */ = {isa = PBXFileReference; explicitFileType = wrapper.framework; includeInIndex = 0; path = Pods_decide.framework; sourceTree = BUILT_PRODUCTS_DIR; };
		0EA486CDC9E78ECA08E6E574 /* Pods-decide.debug.xcconfig */ = {isa = PBXFileReference; includeInIndex = 1; lastKnownFileType = text.xcconfig; name = "Pods-decide.debug.xcconfig"; path = "Pods/Target Support Files/Pods-decide/Pods-decide.debug.xcconfig"; sourceTree = "<group>"; };
		13A9999B6595B0A528ECB96B /* Pods-decideUITests.debug.xcconfig */ = {isa = PBXFileReference; includeInIndex = 1; lastKnownFileType = text.xcconfig; name = "Pods-decideUITests.debug.xcconfig"; path = "Pods/Target Support Files/Pods-decideUITests/Pods-decideUITests.debug.xcconfig"; sourceTree = "<group>"; };
		27765AB7E632A525B2A6F3C1 /* Pods-decideTests.release.xcconfig */ = {isa = PBXFileReference; includeInIndex = 1; lastKnownFileType = text.xcconfig; name = "Pods-decideTests.release.xcconfig"; path = "Pods/Target Support Files/Pods-decideTests/Pods-decideTests.release.xcconfig"; sourceTree = "<group>"; };
		69F682DE3D874CB53BB34B54 /* Pods-decideUITests.release.xcconfig */ = {isa = PBXFileReference; includeInIndex = 1; lastKnownFileType = text.xcconfig; name = "Pods-decideUITests.release.xcconfig"; path = "Pods/Target Support Files/Pods-decideUITests/Pods-decideUITests.release.xcconfig"; sourceTree = "<group>"; };
		748CC9B2919D35C54FC5E01F /* Pods_decideUITests.framework */ = {isa = PBXFileReference; explicitFileType = wrapper.framework; includeInIndex = 0; path = Pods_decideUITests.framework; sourceTree = BUILT_PRODUCTS_DIR; };
		80160FF01A6D6B3E1184E464 /* Pods-decide.release.xcconfig */ = {isa = PBXFileReference; includeInIndex = 1; lastKnownFileType = text.xcconfig; name = "Pods-decide.release.xcconfig"; path = "Pods/Target Support Files/Pods-decide/Pods-decide.release.xcconfig"; sourceTree = "<group>"; };
		BCEDA9BF836B7063FCB16F5E /* Pods-decideTests.debug.xcconfig */ = {isa = PBXFileReference; includeInIndex = 1; lastKnownFileType = text.xcconfig; name = "Pods-decideTests.debug.xcconfig"; path = "Pods/Target Support Files/Pods-decideTests/Pods-decideTests.debug.xcconfig"; sourceTree = "<group>"; };
		C50491221E2334370040AA64 /* decide.app */ = {isa = PBXFileReference; explicitFileType = wrapper.application; includeInIndex = 0; path = decide.app; sourceTree = BUILT_PRODUCTS_DIR; };
		C50491251E2334380040AA64 /* AppDelegate.swift */ = {isa = PBXFileReference; lastKnownFileType = sourcecode.swift; path = AppDelegate.swift; sourceTree = "<group>"; };
		C50491271E2334380040AA64 /* ViewController.swift */ = {isa = PBXFileReference; lastKnownFileType = sourcecode.swift; path = ViewController.swift; sourceTree = "<group>"; };
		C504912A1E2334380040AA64 /* Base */ = {isa = PBXFileReference; lastKnownFileType = file.storyboard; name = Base; path = Base.lproj/Main.storyboard; sourceTree = "<group>"; };
		C504912C1E2334380040AA64 /* Assets.xcassets */ = {isa = PBXFileReference; lastKnownFileType = folder.assetcatalog; path = Assets.xcassets; sourceTree = "<group>"; };
		C504912F1E2334380040AA64 /* Base */ = {isa = PBXFileReference; lastKnownFileType = file.storyboard; name = Base; path = Base.lproj/LaunchScreen.storyboard; sourceTree = "<group>"; };
		C50491311E2334380040AA64 /* Info.plist */ = {isa = PBXFileReference; lastKnownFileType = text.plist.xml; path = Info.plist; sourceTree = "<group>"; };
		C50491361E2334380040AA64 /* decideTests.xctest */ = {isa = PBXFileReference; explicitFileType = wrapper.cfbundle; includeInIndex = 0; path = decideTests.xctest; sourceTree = BUILT_PRODUCTS_DIR; };
		C504913A1E2334380040AA64 /* decideTests.swift */ = {isa = PBXFileReference; lastKnownFileType = sourcecode.swift; path = decideTests.swift; sourceTree = "<group>"; };
		C504913C1E2334380040AA64 /* Info.plist */ = {isa = PBXFileReference; lastKnownFileType = text.plist.xml; path = Info.plist; sourceTree = "<group>"; };
		C50491411E2334390040AA64 /* decideUITests.xctest */ = {isa = PBXFileReference; explicitFileType = wrapper.cfbundle; includeInIndex = 0; path = decideUITests.xctest; sourceTree = BUILT_PRODUCTS_DIR; };
		C50491451E2334390040AA64 /* decideUITests.swift */ = {isa = PBXFileReference; lastKnownFileType = sourcecode.swift; path = decideUITests.swift; sourceTree = "<group>"; };
		C50491471E2334390040AA64 /* Info.plist */ = {isa = PBXFileReference; lastKnownFileType = text.plist.xml; path = Info.plist; sourceTree = "<group>"; };
		C50491571E24BEBD0040AA64 /* GoogleService-Info.plist */ = {isa = PBXFileReference; fileEncoding = 4; lastKnownFileType = text.plist.xml; path = "GoogleService-Info.plist"; sourceTree = "<group>"; };
		C50491591E24CB4C0040AA64 /* signInViewController.swift */ = {isa = PBXFileReference; fileEncoding = 4; lastKnownFileType = sourcecode.swift; path = signInViewController.swift; sourceTree = "<group>"; };
		C504915B1E24CB5A0040AA64 /* signUpViewController.swift */ = {isa = PBXFileReference; fileEncoding = 4; lastKnownFileType = sourcecode.swift; path = signUpViewController.swift; sourceTree = "<group>"; };
		C504915D1E24DC5D0040AA64 /* homeViewController.swift */ = {isa = PBXFileReference; fileEncoding = 4; lastKnownFileType = sourcecode.swift; path = homeViewController.swift; sourceTree = "<group>"; };
		CAEFAD86548F94FE4AF4C916 /* Pods_decideTests.framework */ = {isa = PBXFileReference; explicitFileType = wrapper.framework; includeInIndex = 0; path = Pods_decideTests.framework; sourceTree = BUILT_PRODUCTS_DIR; };
/* End PBXFileReference section */

/* Begin PBXFrameworksBuildPhase section */
		C504911F1E2334370040AA64 /* Frameworks */ = {
			isa = PBXFrameworksBuildPhase;
			buildActionMask = 2147483647;
			files = (
				A2F5B490A75D0CE4307FBD62 /* Pods_decide.framework in Frameworks */,
			);
			runOnlyForDeploymentPostprocessing = 0;
		};
		C50491331E2334380040AA64 /* Frameworks */ = {
			isa = PBXFrameworksBuildPhase;
			buildActionMask = 2147483647;
			files = (
				97359FCCBF1CF99CC2BA3504 /* Pods_decideTests.framework in Frameworks */,
			);
			runOnlyForDeploymentPostprocessing = 0;
		};
		C504913E1E2334390040AA64 /* Frameworks */ = {
			isa = PBXFrameworksBuildPhase;
			buildActionMask = 2147483647;
			files = (
				B03B1FEF424CC6475195B8E1 /* Pods_decideUITests.framework in Frameworks */,
			);
			runOnlyForDeploymentPostprocessing = 0;
		};
/* End PBXFrameworksBuildPhase section */

/* Begin PBXGroup section */
		A3132573065431A39BC3A7DD /* Pods */ = {
			isa = PBXGroup;
			children = (
				0EA486CDC9E78ECA08E6E574 /* Pods-decide.debug.xcconfig */,
				80160FF01A6D6B3E1184E464 /* Pods-decide.release.xcconfig */,
				BCEDA9BF836B7063FCB16F5E /* Pods-decideTests.debug.xcconfig */,
				27765AB7E632A525B2A6F3C1 /* Pods-decideTests.release.xcconfig */,
				13A9999B6595B0A528ECB96B /* Pods-decideUITests.debug.xcconfig */,
				69F682DE3D874CB53BB34B54 /* Pods-decideUITests.release.xcconfig */,
			);
			name = Pods;
			sourceTree = "<group>";
		};
		C50491191E2334370040AA64 = {
			isa = PBXGroup;
			children = (
				C50491241E2334380040AA64 /* decide */,
				C50491391E2334380040AA64 /* decideTests */,
				C50491441E2334390040AA64 /* decideUITests */,
				C50491231E2334370040AA64 /* Products */,
				A3132573065431A39BC3A7DD /* Pods */,
				F6C1B740372BE3D304561502 /* Frameworks */,
			);
			sourceTree = "<group>";
		};
		C50491231E2334370040AA64 /* Products */ = {
			isa = PBXGroup;
			children = (
				C50491221E2334370040AA64 /* decide.app */,
				C50491361E2334380040AA64 /* decideTests.xctest */,
				C50491411E2334390040AA64 /* decideUITests.xctest */,
			);
			name = Products;
			sourceTree = "<group>";
		};
		C50491241E2334380040AA64 /* decide */ = {
			isa = PBXGroup;
			children = (
				C50491251E2334380040AA64 /* AppDelegate.swift */,
				C50491271E2334380040AA64 /* ViewController.swift */,
				C50491291E2334380040AA64 /* Main.storyboard */,
				C504912C1E2334380040AA64 /* Assets.xcassets */,
				C504912E1E2334380040AA64 /* LaunchScreen.storyboard */,
				C50491311E2334380040AA64 /* Info.plist */,
				C50491571E24BEBD0040AA64 /* GoogleService-Info.plist */,
				C50491591E24CB4C0040AA64 /* signInViewController.swift */,
				C504915B1E24CB5A0040AA64 /* signUpViewController.swift */,
				C504915D1E24DC5D0040AA64 /* homeViewController.swift */,
			);
			path = decide;
			sourceTree = "<group>";
		};
		C50491391E2334380040AA64 /* decideTests */ = {
			isa = PBXGroup;
			children = (
				C504913A1E2334380040AA64 /* decideTests.swift */,
				C504913C1E2334380040AA64 /* Info.plist */,
			);
			path = decideTests;
			sourceTree = "<group>";
		};
		C50491441E2334390040AA64 /* decideUITests */ = {
			isa = PBXGroup;
			children = (
				C50491451E2334390040AA64 /* decideUITests.swift */,
				C50491471E2334390040AA64 /* Info.plist */,
			);
			path = decideUITests;
			sourceTree = "<group>";
		};
		F6C1B740372BE3D304561502 /* Frameworks */ = {
			isa = PBXGroup;
			children = (
				05F9A08FFCFF0C06EA87272E /* Pods_decide.framework */,
				CAEFAD86548F94FE4AF4C916 /* Pods_decideTests.framework */,
				748CC9B2919D35C54FC5E01F /* Pods_decideUITests.framework */,
			);
			name = Frameworks;
			sourceTree = "<group>";
		};
/* End PBXGroup section */

/* Begin PBXNativeTarget section */
		C50491211E2334370040AA64 /* decide */ = {
			isa = PBXNativeTarget;
			buildConfigurationList = C504914A1E2334390040AA64 /* Build configuration list for PBXNativeTarget "decide" */;
			buildPhases = (
				575A3FE5BBD620F02D14D05B /* [CP] Check Pods Manifest.lock */,
				C504911E1E2334370040AA64 /* Sources */,
				C504911F1E2334370040AA64 /* Frameworks */,
				C50491201E2334370040AA64 /* Resources */,
				5B4BAF0212CFDCF8E9DF96DE /* [CP] Embed Pods Frameworks */,
				8F5AD5088134E22CA722A45B /* [CP] Copy Pods Resources */,
			);
			buildRules = (
			);
			dependencies = (
			);
			name = decide;
			productName = decide;
			productReference = C50491221E2334370040AA64 /* decide.app */;
			productType = "com.apple.product-type.application";
		};
		C50491351E2334380040AA64 /* decideTests */ = {
			isa = PBXNativeTarget;
			buildConfigurationList = C504914D1E2334390040AA64 /* Build configuration list for PBXNativeTarget "decideTests" */;
			buildPhases = (
				9D2C3653B4806624CC8EF2D0 /* [CP] Check Pods Manifest.lock */,
				C50491321E2334380040AA64 /* Sources */,
				C50491331E2334380040AA64 /* Frameworks */,
				C50491341E2334380040AA64 /* Resources */,
				FC6B08E4CE906B89A1F9CC0A /* [CP] Embed Pods Frameworks */,
				6AECA00872C669764B2E9A66 /* [CP] Copy Pods Resources */,
			);
			buildRules = (
			);
			dependencies = (
				C50491381E2334380040AA64 /* PBXTargetDependency */,
			);
			name = decideTests;
			productName = decideTests;
			productReference = C50491361E2334380040AA64 /* decideTests.xctest */;
			productType = "com.apple.product-type.bundle.unit-test";
		};
		C50491401E2334390040AA64 /* decideUITests */ = {
			isa = PBXNativeTarget;
			buildConfigurationList = C50491501E2334390040AA64 /* Build configuration list for PBXNativeTarget "decideUITests" */;
			buildPhases = (
				FFE367F168F46B6CA3EE8471 /* [CP] Check Pods Manifest.lock */,
				C504913D1E2334390040AA64 /* Sources */,
				C504913E1E2334390040AA64 /* Frameworks */,
				C504913F1E2334390040AA64 /* Resources */,
				CCD95E8C371CE53AF282C2D2 /* [CP] Embed Pods Frameworks */,
				3E5050E3C682E12B470AACB6 /* [CP] Copy Pods Resources */,
			);
			buildRules = (
			);
			dependencies = (
				C50491431E2334390040AA64 /* PBXTargetDependency */,
			);
			name = decideUITests;
			productName = decideUITests;
			productReference = C50491411E2334390040AA64 /* decideUITests.xctest */;
			productType = "com.apple.product-type.bundle.ui-testing";
		};
/* End PBXNativeTarget section */

/* Begin PBXProject section */
		C504911A1E2334370040AA64 /* Project object */ = {
			isa = PBXProject;
			attributes = {
				LastSwiftUpdateCheck = 0810;
				LastUpgradeCheck = 0810;
				ORGANIZATIONNAME = "Ashish Rajendra Kumar Sai";
				TargetAttributes = {
					C50491211E2334370040AA64 = {
						CreatedOnToolsVersion = 8.1;
						DevelopmentTeam = 5Z7V5R3L58;
						ProvisioningStyle = Automatic;
					};
					C50491351E2334380040AA64 = {
						CreatedOnToolsVersion = 8.1;
						DevelopmentTeam = 5Z7V5R3L58;
						ProvisioningStyle = Automatic;
						TestTargetID = C50491211E2334370040AA64;
					};
					C50491401E2334390040AA64 = {
						CreatedOnToolsVersion = 8.1;
						DevelopmentTeam = 5Z7V5R3L58;
						ProvisioningStyle = Automatic;
						TestTargetID = C50491211E2334370040AA64;
					};
				};
			};
			buildConfigurationList = C504911D1E2334370040AA64 /* Build configuration list for PBXProject "decide" */;
			compatibilityVersion = "Xcode 3.2";
			developmentRegion = English;
			hasScannedForEncodings = 0;
			knownRegions = (
				en,
				Base,
			);
			mainGroup = C50491191E2334370040AA64;
			productRefGroup = C50491231E2334370040AA64 /* Products */;
			projectDirPath = "";
			projectRoot = "";
			targets = (
				C50491211E2334370040AA64 /* decide */,
				C50491351E2334380040AA64 /* decideTests */,
				C50491401E2334390040AA64 /* decideUITests */,
			);
		};
/* End PBXProject section */

/* Begin PBXResourcesBuildPhase section */
		C50491201E2334370040AA64 /* Resources */ = {
			isa = PBXResourcesBuildPhase;
			buildActionMask = 2147483647;
			files = (
				C50491301E2334380040AA64 /* LaunchScreen.storyboard in Resources */,
				C50491581E24BEBD0040AA64 /* GoogleService-Info.plist in Resources */,
				C504912D1E2334380040AA64 /* Assets.xcassets in Resources */,
				C504912B1E2334380040AA64 /* Main.storyboard in Resources */,
			);
			runOnlyForDeploymentPostprocessing = 0;
		};
		C50491341E2334380040AA64 /* Resources */ = {
			isa = PBXResourcesBuildPhase;
			buildActionMask = 2147483647;
			files = (
			);
			runOnlyForDeploymentPostprocessing = 0;
		};
		C504913F1E2334390040AA64 /* Resources */ = {
			isa = PBXResourcesBuildPhase;
			buildActionMask = 2147483647;
			files = (
			);
			runOnlyForDeploymentPostprocessing = 0;
		};
/* End PBXResourcesBuildPhase section */

/* Begin PBXShellScriptBuildPhase section */
		3E5050E3C682E12B470AACB6 /* [CP] Copy Pods Resources */ = {
			isa = PBXShellScriptBuildPhase;
			buildActionMask = 2147483647;
			files = (
			);
			inputPaths = (
			);
			name = "[CP] Copy Pods Resources";
			outputPaths = (
			);
			runOnlyForDeploymentPostprocessing = 0;
			shellPath = /bin/sh;
			shellScript = "\"${SRCROOT}/Pods/Target Support Files/Pods-decideUITests/Pods-decideUITests-resources.sh\"\n";
			showEnvVarsInLog = 0;
		};
		575A3FE5BBD620F02D14D05B /* [CP] Check Pods Manifest.lock */ = {
			isa = PBXShellScriptBuildPhase;
			buildActionMask = 2147483647;
			files = (
			);
			inputPaths = (
			);
			name = "[CP] Check Pods Manifest.lock";
			outputPaths = (
			);
			runOnlyForDeploymentPostprocessing = 0;
			shellPath = /bin/sh;
			shellScript = "diff \"${PODS_ROOT}/../Podfile.lock\" \"${PODS_ROOT}/Manifest.lock\" > /dev/null\nif [ $? != 0 ] ; then\n    # print error to STDERR\n    echo \"error: The sandbox is not in sync with the Podfile.lock. Run 'pod install' or update your CocoaPods installation.\" >&2\n    exit 1\nfi\n";
			showEnvVarsInLog = 0;
		};
		5B4BAF0212CFDCF8E9DF96DE /* [CP] Embed Pods Frameworks */ = {
			isa = PBXShellScriptBuildPhase;
			buildActionMask = 2147483647;
			files = (
			);
			inputPaths = (
			);
			name = "[CP] Embed Pods Frameworks";
			outputPaths = (
			);
			runOnlyForDeploymentPostprocessing = 0;
			shellPath = /bin/sh;
			shellScript = "\"${SRCROOT}/Pods/Target Support Files/Pods-decide/Pods-decide-frameworks.sh\"\n";
			showEnvVarsInLog = 0;
		};
		6AECA00872C669764B2E9A66 /* [CP] Copy Pods Resources */ = {
			isa = PBXShellScriptBuildPhase;
			buildActionMask = 2147483647;
			files = (
			);
			inputPaths = (
			);
			name = "[CP] Copy Pods Resources";
			outputPaths = (
			);
			runOnlyForDeploymentPostprocessing = 0;
			shellPath = /bin/sh;
			shellScript = "\"${SRCROOT}/Pods/Target Support Files/Pods-decideTests/Pods-decideTests-resources.sh\"\n";
			showEnvVarsInLog = 0;
		};
		8F5AD5088134E22CA722A45B /* [CP] Copy Pods Resources */ = {
			isa = PBXShellScriptBuildPhase;
			buildActionMask = 2147483647;
			files = (
			);
			inputPaths = (
			);
			name = "[CP] Copy Pods Resources";
			outputPaths = (
			);
			runOnlyForDeploymentPostprocessing = 0;
			shellPath = /bin/sh;
			shellScript = "\"${SRCROOT}/Pods/Target Support Files/Pods-decide/Pods-decide-resources.sh\"\n";
			showEnvVarsInLog = 0;
		};
		9D2C3653B4806624CC8EF2D0 /* [CP] Check Pods Manifest.lock */ = {
			isa = PBXShellScriptBuildPhase;
			buildActionMask = 2147483647;
			files = (
			);
			inputPaths = (
			);
			name = "[CP] Check Pods Manifest.lock";
			outputPaths = (
			);
			runOnlyForDeploymentPostprocessing = 0;
			shellPath = /bin/sh;
			shellScript = "diff \"${PODS_ROOT}/../Podfile.lock\" \"${PODS_ROOT}/Manifest.lock\" > /dev/null\nif [ $? != 0 ] ; then\n    # print error to STDERR\n    echo \"error: The sandbox is not in sync with the Podfile.lock. Run 'pod install' or update your CocoaPods installation.\" >&2\n    exit 1\nfi\n";
			showEnvVarsInLog = 0;
		};
		CCD95E8C371CE53AF282C2D2 /* [CP] Embed Pods Frameworks */ = {
			isa = PBXShellScriptBuildPhase;
			buildActionMask = 2147483647;
			files = (
			);
			inputPaths = (
			);
			name = "[CP] Embed Pods Frameworks";
			outputPaths = (
			);
			runOnlyForDeploymentPostprocessing = 0;
			shellPath = /bin/sh;
			shellScript = "\"${SRCROOT}/Pods/Target Support Files/Pods-decideUITests/Pods-decideUITests-frameworks.sh\"\n";
			showEnvVarsInLog = 0;
		};
		FC6B08E4CE906B89A1F9CC0A /* [CP] Embed Pods Frameworks */ = {
			isa = PBXShellScriptBuildPhase;
			buildActionMask = 2147483647;
			files = (
			);
			inputPaths = (
			);
			name = "[CP] Embed Pods Frameworks";
			outputPaths = (
			);
			runOnlyForDeploymentPostprocessing = 0;
			shellPath = /bin/sh;
			shellScript = "\"${SRCROOT}/Pods/Target Support Files/Pods-decideTests/Pods-decideTests-frameworks.sh\"\n";
			showEnvVarsInLog = 0;
		};
		FFE367F168F46B6CA3EE8471 /* [CP] Check Pods Manifest.lock */ = {
			isa = PBXShellScriptBuildPhase;
			buildActionMask = 2147483647;
			files = (
			);
			inputPaths = (
			);
			name = "[CP] Check Pods Manifest.lock";
			outputPaths = (
			);
			runOnlyForDeploymentPostprocessing = 0;
			shellPath = /bin/sh;
			shellScript = "diff \"${PODS_ROOT}/../Podfile.lock\" \"${PODS_ROOT}/Manifest.lock\" > /dev/null\nif [ $? != 0 ] ; then\n    # print error to STDERR\n    echo \"error: The sandbox is not in sync with the Podfile.lock. Run 'pod install' or update your CocoaPods installation.\" >&2\n    exit 1\nfi\n";
			showEnvVarsInLog = 0;
		};
/* End PBXShellScriptBuildPhase section */

/* Begin PBXSourcesBuildPhase section */
		C504911E1E2334370040AA64 /* Sources */ = {
			isa = PBXSourcesBuildPhase;
			buildActionMask = 2147483647;
			files = (
				C50491281E2334380040AA64 /* ViewController.swift in Sources */,
				C504915A1E24CB4C0040AA64 /* signInViewController.swift in Sources */,
				C504915C1E24CB5A0040AA64 /* signUpViewController.swift in Sources */,
				C504915E1E24DC5D0040AA64 /* homeViewController.swift in Sources */,
				C50491261E2334380040AA64 /* AppDelegate.swift in Sources */,
			);
			runOnlyForDeploymentPostprocessing = 0;
		};
		C50491321E2334380040AA64 /* Sources */ = {
			isa = PBXSourcesBuildPhase;
			buildActionMask = 2147483647;
			files = (
				C504913B1E2334380040AA64 /* decideTests.swift in Sources */,
			);
			runOnlyForDeploymentPostprocessing = 0;
		};
		C504913D1E2334390040AA64 /* Sources */ = {
			isa = PBXSourcesBuildPhase;
			buildActionMask = 2147483647;
			files = (
				C50491461E2334390040AA64 /* decideUITests.swift in Sources */,
			);
			runOnlyForDeploymentPostprocessing = 0;
		};
/* End PBXSourcesBuildPhase section */

/* Begin PBXTargetDependency section */
		C50491381E2334380040AA64 /* PBXTargetDependency */ = {
			isa = PBXTargetDependency;
			target = C50491211E2334370040AA64 /* decide */;
			targetProxy = C50491371E2334380040AA64 /* PBXContainerItemProxy */;
		};
		C50491431E2334390040AA64 /* PBXTargetDependency */ = {
			isa = PBXTargetDependency;
			target = C50491211E2334370040AA64 /* decide */;
			targetProxy = C50491421E2334390040AA64 /* PBXContainerItemProxy */;
		};
/* End PBXTargetDependency section */

/* Begin PBXVariantGroup section */
		C50491291E2334380040AA64 /* Main.storyboard */ = {
			isa = PBXVariantGroup;
			children = (
				C504912A1E2334380040AA64 /* Base */,
			);
			name = Main.storyboard;
			sourceTree = "<group>";
		};
		C504912E1E2334380040AA64 /* LaunchScreen.storyboard */ = {
			isa = PBXVariantGroup;
			children = (
				C504912F1E2334380040AA64 /* Base */,
			);
			name = LaunchScreen.storyboard;
			sourceTree = "<group>";
		};
/* End PBXVariantGroup section */

/* Begin XCBuildConfiguration section */
		C50491481E2334390040AA64 /* Debug */ = {
			isa = XCBuildConfiguration;
			buildSettings = {
				ALWAYS_SEARCH_USER_PATHS = NO;
				CLANG_ANALYZER_NONNULL = YES;
				CLANG_CXX_LANGUAGE_STANDARD = "gnu++0x";
				CLANG_CXX_LIBRARY = "libc++";
				CLANG_ENABLE_MODULES = YES;
				CLANG_ENABLE_OBJC_ARC = YES;
				CLANG_WARN_BOOL_CONVERSION = YES;
				CLANG_WARN_CONSTANT_CONVERSION = YES;
				CLANG_WARN_DIRECT_OBJC_ISA_USAGE = YES_ERROR;
				CLANG_WARN_DOCUMENTATION_COMMENTS = YES;
				CLANG_WARN_EMPTY_BODY = YES;
				CLANG_WARN_ENUM_CONVERSION = YES;
				CLANG_WARN_INFINITE_RECURSION = YES;
				CLANG_WARN_INT_CONVERSION = YES;
				CLANG_WARN_OBJC_ROOT_CLASS = YES_ERROR;
				CLANG_WARN_SUSPICIOUS_MOVES = YES;
				CLANG_WARN_UNREACHABLE_CODE = YES;
				CLANG_WARN__DUPLICATE_METHOD_MATCH = YES;
				"CODE_SIGN_IDENTITY[sdk=iphoneos*]" = "iPhone Developer";
				COPY_PHASE_STRIP = NO;
				DEBUG_INFORMATION_FORMAT = dwarf;
				ENABLE_STRICT_OBJC_MSGSEND = YES;
				ENABLE_TESTABILITY = YES;
				GCC_C_LANGUAGE_STANDARD = gnu99;
				GCC_DYNAMIC_NO_PIC = NO;
				GCC_NO_COMMON_BLOCKS = YES;
				GCC_OPTIMIZATION_LEVEL = 0;
				GCC_PREPROCESSOR_DEFINITIONS = (
					"DEBUG=1",
					"$(inherited)",
				);
				GCC_WARN_64_TO_32_BIT_CONVERSION = YES;
				GCC_WARN_ABOUT_RETURN_TYPE = YES_ERROR;
				GCC_WARN_UNDECLARED_SELECTOR = YES;
				GCC_WARN_UNINITIALIZED_AUTOS = YES_AGGRESSIVE;
				GCC_WARN_UNUSED_FUNCTION = YES;
				GCC_WARN_UNUSED_VARIABLE = YES;
				IPHONEOS_DEPLOYMENT_TARGET = 10.1;
				MTL_ENABLE_DEBUG_INFO = YES;
				ONLY_ACTIVE_ARCH = YES;
				SDKROOT = iphoneos;
				SWIFT_ACTIVE_COMPILATION_CONDITIONS = DEBUG;
				SWIFT_OPTIMIZATION_LEVEL = "-Onone";
				TARGETED_DEVICE_FAMILY = "1,2";
			};
			name = Debug;
		};
		C50491491E2334390040AA64 /* Release */ = {
			isa = XCBuildConfiguration;
			buildSettings = {
				ALWAYS_SEARCH_USER_PATHS = NO;
				CLANG_ANALYZER_NONNULL = YES;
				CLANG_CXX_LANGUAGE_STANDARD = "gnu++0x";
				CLANG_CXX_LIBRARY = "libc++";
				CLANG_ENABLE_MODULES = YES;
				CLANG_ENABLE_OBJC_ARC = YES;
				CLANG_WARN_BOOL_CONVERSION = YES;
				CLANG_WARN_CONSTANT_CONVERSION = YES;
				CLANG_WARN_DIRECT_OBJC_ISA_USAGE = YES_ERROR;
				CLANG_WARN_DOCUMENTATION_COMMENTS = YES;
				CLANG_WARN_EMPTY_BODY = YES;
				CLANG_WARN_ENUM_CONVERSION = YES;
				CLANG_WARN_INFINITE_RECURSION = YES;
				CLANG_WARN_INT_CONVERSION = YES;
				CLANG_WARN_OBJC_ROOT_CLASS = YES_ERROR;
				CLANG_WARN_SUSPICIOUS_MOVES = YES;
				CLANG_WARN_UNREACHABLE_CODE = YES;
				CLANG_WARN__DUPLICATE_METHOD_MATCH = YES;
				"CODE_SIGN_IDENTITY[sdk=iphoneos*]" = "iPhone Developer";
				COPY_PHASE_STRIP = NO;
				DEBUG_INFORMATION_FORMAT = "dwarf-with-dsym";
				ENABLE_NS_ASSERTIONS = NO;
				ENABLE_STRICT_OBJC_MSGSEND = YES;
				GCC_C_LANGUAGE_STANDARD = gnu99;
				GCC_NO_COMMON_BLOCKS = YES;
				GCC_WARN_64_TO_32_BIT_CONVERSION = YES;
				GCC_WARN_ABOUT_RETURN_TYPE = YES_ERROR;
				GCC_WARN_UNDECLARED_SELECTOR = YES;
				GCC_WARN_UNINITIALIZED_AUTOS = YES_AGGRESSIVE;
				GCC_WARN_UNUSED_FUNCTION = YES;
				GCC_WARN_UNUSED_VARIABLE = YES;
				IPHONEOS_DEPLOYMENT_TARGET = 10.1;
				MTL_ENABLE_DEBUG_INFO = NO;
				SDKROOT = iphoneos;
				SWIFT_OPTIMIZATION_LEVEL = "-Owholemodule";
				TARGETED_DEVICE_FAMILY = "1,2";
				VALIDATE_PRODUCT = YES;
			};
			name = Release;
		};
		C504914B1E2334390040AA64 /* Debug */ = {
			isa = XCBuildConfiguration;
			baseConfigurationReference = 0EA486CDC9E78ECA08E6E574 /* Pods-decide.debug.xcconfig */;
			buildSettings = {
				ASSETCATALOG_COMPILER_APPICON_NAME = AppIcon;
				DEVELOPMENT_TEAM = 5Z7V5R3L58;
				INFOPLIST_FILE = decide/Info.plist;
				IPHONEOS_DEPLOYMENT_TARGET = 9.0;
				LD_RUNPATH_SEARCH_PATHS = "$(inherited) @executable_path/Frameworks";
				PRODUCT_BUNDLE_IDENTIFIER = ashishrsai.decide;
				PRODUCT_NAME = "$(TARGET_NAME)";
				SWIFT_VERSION = 3.0;
			};
			name = Debug;
		};
		C504914C1E2334390040AA64 /* Release */ = {
			isa = XCBuildConfiguration;
			baseConfigurationReference = 80160FF01A6D6B3E1184E464 /* Pods-decide.release.xcconfig */;
			buildSettings = {
				ASSETCATALOG_COMPILER_APPICON_NAME = AppIcon;
				DEVELOPMENT_TEAM = 5Z7V5R3L58;
				INFOPLIST_FILE = decide/Info.plist;
				IPHONEOS_DEPLOYMENT_TARGET = 9.0;
				LD_RUNPATH_SEARCH_PATHS = "$(inherited) @executable_path/Frameworks";
				PRODUCT_BUNDLE_IDENTIFIER = ashishrsai.decide;
				PRODUCT_NAME = "$(TARGET_NAME)";
				SWIFT_VERSION = 3.0;
			};
			name = Release;
		};
		C504914E1E2334390040AA64 /* Debug */ = {
			isa = XCBuildConfiguration;
			baseConfigurationReference = BCEDA9BF836B7063FCB16F5E /* Pods-decideTests.debug.xcconfig */;
			buildSettings = {
				ALWAYS_EMBED_SWIFT_STANDARD_LIBRARIES = YES;
				BUNDLE_LOADER = "$(TEST_HOST)";
				DEVELOPMENT_TEAM = 5Z7V5R3L58;
				INFOPLIST_FILE = decideTests/Info.plist;
				LD_RUNPATH_SEARCH_PATHS = "$(inherited) @executable_path/Frameworks @loader_path/Frameworks";
				PRODUCT_BUNDLE_IDENTIFIER = ashishrsai.decideTests;
				PRODUCT_NAME = "$(TARGET_NAME)";
				SWIFT_VERSION = 3.0;
				TEST_HOST = "$(BUILT_PRODUCTS_DIR)/decide.app/decide";
			};
			name = Debug;
		};
		C504914F1E2334390040AA64 /* Release */ = {
			isa = XCBuildConfiguration;
			baseConfigurationReference = 27765AB7E632A525B2A6F3C1 /* Pods-decideTests.release.xcconfig */;
			buildSettings = {
				ALWAYS_EMBED_SWIFT_STANDARD_LIBRARIES = YES;
				BUNDLE_LOADER = "$(TEST_HOST)";
				DEVELOPMENT_TEAM = 5Z7V5R3L58;
				INFOPLIST_FILE = decideTests/Info.plist;
				LD_RUNPATH_SEARCH_PATHS = "$(inherited) @executable_path/Frameworks @loader_path/Frameworks";
				PRODUCT_BUNDLE_IDENTIFIER = ashishrsai.decideTests;
				PRODUCT_NAME = "$(TARGET_NAME)";
				SWIFT_VERSION = 3.0;
				TEST_HOST = "$(BUILT_PRODUCTS_DIR)/decide.app/decide";
			};
			name = Release;
		};
		C50491511E2334390040AA64 /* Debug */ = {
			isa = XCBuildConfiguration;
			baseConfigurationReference = 13A9999B6595B0A528ECB96B /* Pods-decideUITests.debug.xcconfig */;
			buildSettings = {
				ALWAYS_EMBED_SWIFT_STANDARD_LIBRARIES = YES;
				DEVELOPMENT_TEAM = 5Z7V5R3L58;
				INFOPLIST_FILE = decideUITests/Info.plist;
				LD_RUNPATH_SEARCH_PATHS = "$(inherited) @executable_path/Frameworks @loader_path/Frameworks";
				PRODUCT_BUNDLE_IDENTIFIER = ashishrsai.decideUITests;
				PRODUCT_NAME = "$(TARGET_NAME)";
				SWIFT_VERSION = 3.0;
				TEST_TARGET_NAME = decide;
			};
			name = Debug;
		};
		C50491521E2334390040AA64 /* Release */ = {
			isa = XCBuildConfiguration;
			baseConfigurationReference = 69F682DE3D874CB53BB34B54 /* Pods-decideUITests.release.xcconfig */;
			buildSettings = {
				ALWAYS_EMBED_SWIFT_STANDARD_LIBRARIES = YES;
				DEVELOPMENT_TEAM = 5Z7V5R3L58;
				INFOPLIST_FILE = decideUITests/Info.plist;
				LD_RUNPATH_SEARCH_PATHS = "$(inherited) @executable_path/Frameworks @loader_path/Frameworks";
				PRODUCT_BUNDLE_IDENTIFIER = ashishrsai.decideUITests;
				PRODUCT_NAME = "$(TARGET_NAME)";
				SWIFT_VERSION = 3.0;
				TEST_TARGET_NAME = decide;
			};
			name = Release;
		};
/* End XCBuildConfiguration section */

/* Begin XCConfigurationList section */
		C504911D1E2334370040AA64 /* Build configuration list for PBXProject "decide" */ = {
			isa = XCConfigurationList;
			buildConfigurations = (
				C50491481E2334390040AA64 /* Debug */,
				C50491491E2334390040AA64 /* Release */,
			);
			defaultConfigurationIsVisible = 0;
			defaultConfigurationName = Release;
		};
		C504914A1E2334390040AA64 /* Build configuration list for PBXNativeTarget "decide" */ = {
			isa = XCConfigurationList;
			buildConfigurations = (
				C504914B1E2334390040AA64 /* Debug */,
				C504914C1E2334390040AA64 /* Release */,
			);
			defaultConfigurationIsVisible = 0;
			defaultConfigurationName = Release;
		};
		C504914D1E2334390040AA64 /* Build configuration list for PBXNativeTarget "decideTests" */ = {
			isa = XCConfigurationList;
			buildConfigurations = (
				C504914E1E2334390040AA64 /* Debug */,
				C504914F1E2334390040AA64 /* Release */,
			);
			defaultConfigurationIsVisible = 0;
			defaultConfigurationName = Release;
		};
		C50491501E2334390040AA64 /* Build configuration list for PBXNativeTarget "decideUITests" */ = {
			isa = XCConfigurationList;
			buildConfigurations = (
				C50491511E2334390040AA64 /* Debug */,
				C50491521E2334390040AA64 /* Release */,
			);
			defaultConfigurationIsVisible = 0;
			defaultConfigurationName = Release;
		};
/* End XCConfigurationList section */
	};
	rootObject = C504911A1E2334370040AA64 /* Project object */;
}
